// !$*UTF8*$!
{
	archiveVersion = 1;
	classes = {
	};
	objectVersion = 46;
	objects = {

/* Begin PBXBuildFile section */
		3F010F2021E3704B000BECCE /* AppDelegate.swift in Sources */ = {isa = PBXBuildFile; fileRef = 3F010F1F21E3704B000BECCE /* AppDelegate.swift */; };
		3F010F2221E3704B000BECCE /* ViewController.swift in Sources */ = {isa = PBXBuildFile; fileRef = 3F010F2121E3704B000BECCE /* ViewController.swift */; };
		3F010F2521E3704B000BECCE /* Main.storyboard in Resources */ = {isa = PBXBuildFile; fileRef = 3F010F2321E3704B000BECCE /* Main.storyboard */; };
		3F010F2721E3704B000BECCE /* Assets.xcassets in Resources */ = {isa = PBXBuildFile; fileRef = 3F010F2621E3704B000BECCE /* Assets.xcassets */; };
		3F010F2A21E3704B000BECCE /* LaunchScreen.storyboard in Resources */ = {isa = PBXBuildFile; fileRef = 3F010F2821E3704B000BECCE /* LaunchScreen.storyboard */; };
		3F010F3521E3704C000BECCE /* DrawlotsTests.swift in Sources */ = {isa = PBXBuildFile; fileRef = 3F010F3421E3704C000BECCE /* DrawlotsTests.swift */; };
		3F010F4021E3704C000BECCE /* DrawlotsUITests.swift in Sources */ = {isa = PBXBuildFile; fileRef = 3F010F3F21E3704C000BECCE /* DrawlotsUITests.swift */; };
		3F1E0B9A21E8CA2F0050B3D5 /* bg.mp3 in Resources */ = {isa = PBXBuildFile; fileRef = 3F1E0B9921E8CA2F0050B3D5 /* bg.mp3 */; };
		3F1E0B9D21E8CB000050B3D5 /* dice.wav in Resources */ = {isa = PBXBuildFile; fileRef = 3F1E0B9B21E8CB000050B3D5 /* dice.wav */; };
		3F1E0B9E21E8CB000050B3D5 /* coin.wav in Resources */ = {isa = PBXBuildFile; fileRef = 3F1E0B9C21E8CB000050B3D5 /* coin.wav */; };
		3FC0C9B521E6412D004B432A /* CoinAnimationImage.xcassets in Resources */ = {isa = PBXBuildFile; fileRef = 3FC0C9B421E6412D004B432A /* CoinAnimationImage.xcassets */; };
		98065CED21E5DFB9008F8942 /* DiceAnimationImage.xcassets in Resources */ = {isa = PBXBuildFile; fileRef = 98065CEC21E5DFB9008F8942 /* DiceAnimationImage.xcassets */; };
		98065CEF21E5E085008F8942 /* CPK3DiceAnimationView.swift in Sources */ = {isa = PBXBuildFile; fileRef = 98065CEE21E5E085008F8942 /* CPK3DiceAnimationView.swift */; };
		98065CF321E5E9FF008F8942 /* 李旭科毛笔行书.ttf in Resources */ = {isa = PBXBuildFile; fileRef = 98065CF221E5E9FF008F8942 /* 李旭科毛笔行书.ttf */; };
		985DC08221E384BC006E221B /* RandomViewController.swift in Sources */ = {isa = PBXBuildFile; fileRef = 985DC08121E384BC006E221B /* RandomViewController.swift */; };
		985DC08421E38556006E221B /* CoinViewController.swift in Sources */ = {isa = PBXBuildFile; fileRef = 985DC08321E38556006E221B /* CoinViewController.swift */; };
		985DC08621E38567006E221B /* DiceViewController.swift in Sources */ = {isa = PBXBuildFile; fileRef = 985DC08521E38567006E221B /* DiceViewController.swift */; };
/* End PBXBuildFile section */

/* Begin PBXContainerItemProxy section */
		3F010F3121E3704C000BECCE /* PBXContainerItemProxy */ = {
			isa = PBXContainerItemProxy;
			containerPortal = 3F010F1421E3704B000BECCE /* Project object */;
			proxyType = 1;
			remoteGlobalIDString = 3F010F1B21E3704B000BECCE;
			remoteInfo = Drawlots;
		};
		3F010F3C21E3704C000BECCE /* PBXContainerItemProxy */ = {
			isa = PBXContainerItemProxy;
			containerPortal = 3F010F1421E3704B000BECCE /* Project object */;
			proxyType = 1;
			remoteGlobalIDString = 3F010F1B21E3704B000BECCE;
			remoteInfo = Drawlots;
		};
/* End PBXContainerItemProxy section */

/* Begin PBXFileReference section */
		3F010F1C21E3704B000BECCE /* Drawlots.app */ = {isa = PBXFileReference; explicitFileType = wrapper.application; includeInIndex = 0; path = Drawlots.app; sourceTree = BUILT_PRODUCTS_DIR; };
		3F010F1F21E3704B000BECCE /* AppDelegate.swift */ = {isa = PBXFileReference; lastKnownFileType = sourcecode.swift; path = AppDelegate.swift; sourceTree = "<group>"; };
		3F010F2121E3704B000BECCE /* ViewController.swift */ = {isa = PBXFileReference; lastKnownFileType = sourcecode.swift; path = ViewController.swift; sourceTree = "<group>"; };
		3F010F2421E3704B000BECCE /* Base */ = {isa = PBXFileReference; lastKnownFileType = file.storyboard; name = Base; path = Base.lproj/Main.storyboard; sourceTree = "<group>"; };
		3F010F2621E3704B000BECCE /* Assets.xcassets */ = {isa = PBXFileReference; lastKnownFileType = folder.assetcatalog; path = Assets.xcassets; sourceTree = "<group>"; };
		3F010F2921E3704B000BECCE /* Base */ = {isa = PBXFileReference; lastKnownFileType = file.storyboard; name = Base; path = Base.lproj/LaunchScreen.storyboard; sourceTree = "<group>"; };
		3F010F2B21E3704B000BECCE /* Info.plist */ = {isa = PBXFileReference; lastKnownFileType = text.plist.xml; path = Info.plist; sourceTree = "<group>"; };
		3F010F3021E3704C000BECCE /* DrawlotsTests.xctest */ = {isa = PBXFileReference; explicitFileType = wrapper.cfbundle; includeInIndex = 0; path = DrawlotsTests.xctest; sourceTree = BUILT_PRODUCTS_DIR; };
		3F010F3421E3704C000BECCE /* DrawlotsTests.swift */ = {isa = PBXFileReference; lastKnownFileType = sourcecode.swift; path = DrawlotsTests.swift; sourceTree = "<group>"; };
		3F010F3621E3704C000BECCE /* Info.plist */ = {isa = PBXFileReference; lastKnownFileType = text.plist.xml; path = Info.plist; sourceTree = "<group>"; };
		3F010F3B21E3704C000BECCE /* DrawlotsUITests.xctest */ = {isa = PBXFileReference; explicitFileType = wrapper.cfbundle; includeInIndex = 0; path = DrawlotsUITests.xctest; sourceTree = BUILT_PRODUCTS_DIR; };
		3F010F3F21E3704C000BECCE /* DrawlotsUITests.swift */ = {isa = PBXFileReference; lastKnownFileType = sourcecode.swift; path = DrawlotsUITests.swift; sourceTree = "<group>"; };
		3F010F4121E3704C000BECCE /* Info.plist */ = {isa = PBXFileReference; lastKnownFileType = text.plist.xml; path = Info.plist; sourceTree = "<group>"; };
		3F1E0B9921E8CA2F0050B3D5 /* bg.mp3 */ = {isa = PBXFileReference; lastKnownFileType = audio.mp3; name = bg.mp3; path = ../../../../Downloads/bg.mp3; sourceTree = "<group>"; };
		3F1E0B9B21E8CB000050B3D5 /* dice.wav */ = {isa = PBXFileReference; lastKnownFileType = audio.wav; name = dice.wav; path = ../../../../Downloads/dice.wav; sourceTree = "<group>"; };
		3F1E0B9C21E8CB000050B3D5 /* coin.wav */ = {isa = PBXFileReference; lastKnownFileType = audio.wav; name = coin.wav; path = ../../../../Downloads/coin.wav; sourceTree = "<group>"; };
		3FC0C9B421E6412D004B432A /* CoinAnimationImage.xcassets */ = {isa = PBXFileReference; lastKnownFileType = folder.assetcatalog; path = CoinAnimationImage.xcassets; sourceTree = "<group>"; };
		98065CEC21E5DFB9008F8942 /* DiceAnimationImage.xcassets */ = {isa = PBXFileReference; lastKnownFileType = folder.assetcatalog; name = DiceAnimationImage.xcassets; path = Drawlots/DiceAnimationImage.xcassets; sourceTree = "<group>"; };
		98065CEE21E5E085008F8942 /* CPK3DiceAnimationView.swift */ = {isa = PBXFileReference; fileEncoding = 4; lastKnownFileType = sourcecode.swift; name = CPK3DiceAnimationView.swift; path = Drawlots/CPK3DiceAnimationView.swift; sourceTree = "<group>"; };
		98065CF221E5E9FF008F8942 /* 李旭科毛笔行书.ttf */ = {isa = PBXFileReference; lastKnownFileType = file; path = "李旭科毛笔行书.ttf"; sourceTree = "<group>"; };
		985DC08121E384BC006E221B /* RandomViewController.swift */ = {isa = PBXFileReference; fileEncoding = 4; lastKnownFileType = sourcecode.swift; path = RandomViewController.swift; sourceTree = "<group>"; };
		985DC08321E38556006E221B /* CoinViewController.swift */ = {isa = PBXFileReference; fileEncoding = 4; lastKnownFileType = sourcecode.swift; path = CoinViewController.swift; sourceTree = "<group>"; };
		985DC08521E38567006E221B /* DiceViewController.swift */ = {isa = PBXFileReference; fileEncoding = 4; lastKnownFileType = sourcecode.swift; path = DiceViewController.swift; sourceTree = "<group>"; };
/* End PBXFileReference section */

/* Begin PBXFrameworksBuildPhase section */
		3F010F1921E3704B000BECCE /* Frameworks */ = {
			isa = PBXFrameworksBuildPhase;
			buildActionMask = 2147483647;
			files = (
			);
			runOnlyForDeploymentPostprocessing = 0;
		};
		3F010F2D21E3704C000BECCE /* Frameworks */ = {
			isa = PBXFrameworksBuildPhase;
			buildActionMask = 2147483647;
			files = (
			);
			runOnlyForDeploymentPostprocessing = 0;
		};
		3F010F3821E3704C000BECCE /* Frameworks */ = {
			isa = PBXFrameworksBuildPhase;
			buildActionMask = 2147483647;
			files = (
			);
			runOnlyForDeploymentPostprocessing = 0;
		};
/* End PBXFrameworksBuildPhase section */

/* Begin PBXGroup section */
		3F010F1321E3704B000BECCE = {
			isa = PBXGroup;
			children = (
				3F010F1E21E3704B000BECCE /* Drawlots */,
				3F010F3321E3704C000BECCE /* DrawlotsTests */,
				3F010F3E21E3704C000BECCE /* DrawlotsUITests */,
				3F010F1D21E3704B000BECCE /* Products */,
			);
			sourceTree = "<group>";
		};
		3F010F1D21E3704B000BECCE /* Products */ = {
			isa = PBXGroup;
			children = (
				3F010F1C21E3704B000BECCE /* Drawlots.app */,
				3F010F3021E3704C000BECCE /* DrawlotsTests.xctest */,
				3F010F3B21E3704C000BECCE /* DrawlotsUITests.xctest */,
			);
			name = Products;
			sourceTree = "<group>";
		};
		3F010F1E21E3704B000BECCE /* Drawlots */ = {
			isa = PBXGroup;
			children = (
				98065CF121E5E772008F8942 /* SupportFiles */,
				98065CF021E5E726008F8942 /* Animation */,
				3F010F1F21E3704B000BECCE /* AppDelegate.swift */,
				3F010F2121E3704B000BECCE /* ViewController.swift */,
				3F010F2321E3704B000BECCE /* Main.storyboard */,
				985DC08321E38556006E221B /* CoinViewController.swift */,
				985DC08521E38567006E221B /* DiceViewController.swift */,
				985DC08121E384BC006E221B /* RandomViewController.swift */,
				3F010F2621E3704B000BECCE /* Assets.xcassets */,
				3F010F2821E3704B000BECCE /* LaunchScreen.storyboard */,
				3F010F2B21E3704B000BECCE /* Info.plist */,
			);
			path = Drawlots;
			sourceTree = "<group>";
		};
		3F010F3321E3704C000BECCE /* DrawlotsTests */ = {
			isa = PBXGroup;
			children = (
				3F010F3421E3704C000BECCE /* DrawlotsTests.swift */,
				3F010F3621E3704C000BECCE /* Info.plist */,
			);
			path = DrawlotsTests;
			sourceTree = "<group>";
		};
		3F010F3E21E3704C000BECCE /* DrawlotsUITests */ = {
			isa = PBXGroup;
			children = (
				3F010F3F21E3704C000BECCE /* DrawlotsUITests.swift */,
				3F010F4121E3704C000BECCE /* Info.plist */,
			);
			path = DrawlotsUITests;
			sourceTree = "<group>";
		};
		98065CF021E5E726008F8942 /* Animation */ = {
			isa = PBXGroup;
			children = (
				98065CEC21E5DFB9008F8942 /* DiceAnimationImage.xcassets */,
				98065CEE21E5E085008F8942 /* CPK3DiceAnimationView.swift */,
				3FC0C9B421E6412D004B432A /* CoinAnimationImage.xcassets */,
			);
			name = Animation;
			path = ..;
			sourceTree = "<group>";
		};
		98065CF121E5E772008F8942 /* SupportFiles */ = {
			isa = PBXGroup;
			children = (
				3F1E0B9B21E8CB000050B3D5 /* dice.wav */,
				3F1E0B9C21E8CB000050B3D5 /* coin.wav */,
				3F1E0B9921E8CA2F0050B3D5 /* bg.mp3 */,
				98065CF221E5E9FF008F8942 /* 李旭科毛笔行书.ttf */,
			);
			name = SupportFiles;
			sourceTree = "<group>";
		};
/* End PBXGroup section */

/* Begin PBXNativeTarget section */
		3F010F1B21E3704B000BECCE /* Drawlots */ = {
			isa = PBXNativeTarget;
			buildConfigurationList = 3F010F4421E3704C000BECCE /* Build configuration list for PBXNativeTarget "Drawlots" */;
			buildPhases = (
				3F010F1821E3704B000BECCE /* Sources */,
				3F010F1921E3704B000BECCE /* Frameworks */,
				3F010F1A21E3704B000BECCE /* Resources */,
			);
			buildRules = (
			);
			dependencies = (
			);
			name = Drawlots;
			productName = Drawlots;
			productReference = 3F010F1C21E3704B000BECCE /* Drawlots.app */;
			productType = "com.apple.product-type.application";
		};
		3F010F2F21E3704C000BECCE /* DrawlotsTests */ = {
			isa = PBXNativeTarget;
			buildConfigurationList = 3F010F4721E3704C000BECCE /* Build configuration list for PBXNativeTarget "DrawlotsTests" */;
			buildPhases = (
				3F010F2C21E3704C000BECCE /* Sources */,
				3F010F2D21E3704C000BECCE /* Frameworks */,
				3F010F2E21E3704C000BECCE /* Resources */,
			);
			buildRules = (
			);
			dependencies = (
				3F010F3221E3704C000BECCE /* PBXTargetDependency */,
			);
			name = DrawlotsTests;
			productName = DrawlotsTests;
			productReference = 3F010F3021E3704C000BECCE /* DrawlotsTests.xctest */;
			productType = "com.apple.product-type.bundle.unit-test";
		};
		3F010F3A21E3704C000BECCE /* DrawlotsUITests */ = {
			isa = PBXNativeTarget;
			buildConfigurationList = 3F010F4A21E3704C000BECCE /* Build configuration list for PBXNativeTarget "DrawlotsUITests" */;
			buildPhases = (
				3F010F3721E3704C000BECCE /* Sources */,
				3F010F3821E3704C000BECCE /* Frameworks */,
				3F010F3921E3704C000BECCE /* Resources */,
			);
			buildRules = (
			);
			dependencies = (
				3F010F3D21E3704C000BECCE /* PBXTargetDependency */,
			);
			name = DrawlotsUITests;
			productName = DrawlotsUITests;
			productReference = 3F010F3B21E3704C000BECCE /* DrawlotsUITests.xctest */;
			productType = "com.apple.product-type.bundle.ui-testing";
		};
/* End PBXNativeTarget section */

/* Begin PBXProject section */
		3F010F1421E3704B000BECCE /* Project object */ = {
			isa = PBXProject;
			attributes = {
				LastSwiftUpdateCheck = 0830;
				LastUpgradeCheck = 0830;
				ORGANIZATIONNAME = Georgehu;
				TargetAttributes = {
					3F010F1B21E3704B000BECCE = {
						CreatedOnToolsVersion = 8.3.3;
						ProvisioningStyle = Automatic;
					};
					3F010F2F21E3704C000BECCE = {
						CreatedOnToolsVersion = 8.3.3;
						ProvisioningStyle = Automatic;
						TestTargetID = 3F010F1B21E3704B000BECCE;
					};
					3F010F3A21E3704C000BECCE = {
						CreatedOnToolsVersion = 8.3.3;
						ProvisioningStyle = Automatic;
						TestTargetID = 3F010F1B21E3704B000BECCE;
					};
				};
			};
			buildConfigurationList = 3F010F1721E3704B000BECCE /* Build configuration list for PBXProject "Drawlots" */;
			compatibilityVersion = "Xcode 3.2";
			developmentRegion = English;
			hasScannedForEncodings = 0;
			knownRegions = (
				en,
				Base,
			);
			mainGroup = 3F010F1321E3704B000BECCE;
			productRefGroup = 3F010F1D21E3704B000BECCE /* Products */;
			projectDirPath = "";
			projectRoot = "";
			targets = (
				3F010F1B21E3704B000BECCE /* Drawlots */,
				3F010F2F21E3704C000BECCE /* DrawlotsTests */,
				3F010F3A21E3704C000BECCE /* DrawlotsUITests */,
			);
		};
/* End PBXProject section */

/* Begin PBXResourcesBuildPhase section */
		3F010F1A21E3704B000BECCE /* Resources */ = {
			isa = PBXResourcesBuildPhase;
			buildActionMask = 2147483647;
			files = (
				3F010F2A21E3704B000BECCE /* LaunchScreen.storyboard in Resources */,
				3F1E0B9D21E8CB000050B3D5 /* dice.wav in Resources */,
				3F1E0B9A21E8CA2F0050B3D5 /* bg.mp3 in Resources */,
				3FC0C9B521E6412D004B432A /* CoinAnimationImage.xcassets in Resources */,
				3F010F2721E3704B000BECCE /* Assets.xcassets in Resources */,
				3F010F2521E3704B000BECCE /* Main.storyboard in Resources */,
				3F1E0B9E21E8CB000050B3D5 /* coin.wav in Resources */,
				98065CED21E5DFB9008F8942 /* DiceAnimationImage.xcassets in Resources */,
				98065CF321E5E9FF008F8942 /* 李旭科毛笔行书.ttf in Resources */,
			);
			runOnlyForDeploymentPostprocessing = 0;
		};
		3F010F2E21E3704C000BECCE /* Resources */ = {
			isa = PBXResourcesBuildPhase;
			buildActionMask = 2147483647;
			files = (
			);
			runOnlyForDeploymentPostprocessing = 0;
		};
		3F010F3921E3704C000BECCE /* Resources */ = {
			isa = PBXResourcesBuildPhase;
			buildActionMask = 2147483647;
			files = (
			);
			runOnlyForDeploymentPostprocessing = 0;
		};
/* End PBXResourcesBuildPhase section */

/* Begin PBXSourcesBuildPhase section */
		3F010F1821E3704B000BECCE /* Sources */ = {
			isa = PBXSourcesBuildPhase;
			buildActionMask = 2147483647;
			files = (
				3F010F2221E3704B000BECCE /* ViewController.swift in Sources */,
				985DC08621E38567006E221B /* DiceViewController.swift in Sources */,
				3F010F2021E3704B000BECCE /* AppDelegate.swift in Sources */,
				985DC08221E384BC006E221B /* RandomViewController.swift in Sources */,
				985DC08421E38556006E221B /* CoinViewController.swift in Sources */,
				98065CEF21E5E085008F8942 /* CPK3DiceAnimationView.swift in Sources */,
			);
			runOnlyForDeploymentPostprocessing = 0;
		};
		3F010F2C21E3704C000BECCE /* Sources */ = {
			isa = PBXSourcesBuildPhase;
			buildActionMask = 2147483647;
			files = (
				3F010F3521E3704C000BECCE /* DrawlotsTests.swift in Sources */,
			);
			runOnlyForDeploymentPostprocessing = 0;
		};
		3F010F3721E3704C000BECCE /* Sources */ = {
			isa = PBXSourcesBuildPhase;
			buildActionMask = 2147483647;
			files = (
				3F010F4021E3704C000BECCE /* DrawlotsUITests.swift in Sources */,
			);
			runOnlyForDeploymentPostprocessing = 0;
		};
/* End PBXSourcesBuildPhase section */

/* Begin PBXTargetDependency section */
		3F010F3221E3704C000BECCE /* PBXTargetDependency */ = {
			isa = PBXTargetDependency;
			target = 3F010F1B21E3704B000BECCE /* Drawlots */;
			targetProxy = 3F010F3121E3704C000BECCE /* PBXContainerItemProxy */;
		};
		3F010F3D21E3704C000BECCE /* PBXTargetDependency */ = {
			isa = PBXTargetDependency;
			target = 3F010F1B21E3704B000BECCE /* Drawlots */;
			targetProxy = 3F010F3C21E3704C000BECCE /* PBXContainerItemProxy */;
		};
/* End PBXTargetDependency section */

/* Begin PBXVariantGroup section */
		3F010F2321E3704B000BECCE /* Main.storyboard */ = {
			isa = PBXVariantGroup;
			children = (
				3F010F2421E3704B000BECCE /* Base */,
			);
			name = Main.storyboard;
			sourceTree = "<group>";
		};
		3F010F2821E3704B000BECCE /* LaunchScreen.storyboard */ = {
			isa = PBXVariantGroup;
			children = (
				3F010F2921E3704B000BECCE /* Base */,
			);
			name = LaunchScreen.storyboard;
			sourceTree = "<group>";
		};
/* End PBXVariantGroup section */

/* Begin XCBuildConfiguration section */
		3F010F4221E3704C000BECCE /* Debug */ = {
			isa = XCBuildConfiguration;
			buildSettings = {
				ALWAYS_SEARCH_USER_PATHS = NO;
				CLANG_ANALYZER_NONNULL = YES;
				CLANG_ANALYZER_NUMBER_OBJECT_CONVERSION = YES_AGGRESSIVE;
				CLANG_CXX_LANGUAGE_STANDARD = "gnu++0x";
				CLANG_CXX_LIBRARY = "libc++";
				CLANG_ENABLE_MODULES = YES;
				CLANG_ENABLE_OBJC_ARC = YES;
				CLANG_WARN_BOOL_CONVERSION = YES;
				CLANG_WARN_CONSTANT_CONVERSION = YES;
				CLANG_WARN_DIRECT_OBJC_ISA_USAGE = YES_ERROR;
				CLANG_WARN_DOCUMENTATION_COMMENTS = YES;
				CLANG_WARN_EMPTY_BODY = YES;
				CLANG_WARN_ENUM_CONVERSION = YES;
				CLANG_WARN_INFINITE_RECURSION = YES;
				CLANG_WARN_INT_CONVERSION = YES;
				CLANG_WARN_OBJC_ROOT_CLASS = YES_ERROR;
				CLANG_WARN_SUSPICIOUS_MOVE = YES;
				CLANG_WARN_UNREACHABLE_CODE = YES;
				CLANG_WARN__DUPLICATE_METHOD_MATCH = YES;
				"CODE_SIGN_IDENTITY[sdk=iphoneos*]" = "iPhone Developer";
				COPY_PHASE_STRIP = NO;
				DEBUG_INFORMATION_FORMAT = dwarf;
				ENABLE_STRICT_OBJC_MSGSEND = YES;
				ENABLE_TESTABILITY = YES;
				GCC_C_LANGUAGE_STANDARD = gnu99;
				GCC_DYNAMIC_NO_PIC = NO;
				GCC_NO_COMMON_BLOCKS = YES;
				GCC_OPTIMIZATION_LEVEL = 0;
				GCC_PREPROCESSOR_DEFINITIONS = (
					"DEBUG=1",
					"$(inherited)",
				);
				GCC_WARN_64_TO_32_BIT_CONVERSION = YES;
				GCC_WARN_ABOUT_RETURN_TYPE = YES_ERROR;
				GCC_WARN_UNDECLARED_SELECTOR = YES;
				GCC_WARN_UNINITIALIZED_AUTOS = YES_AGGRESSIVE;
				GCC_WARN_UNUSED_FUNCTION = YES;
				GCC_WARN_UNUSED_VARIABLE = YES;
				IPHONEOS_DEPLOYMENT_TARGET = 10.3;
				MTL_ENABLE_DEBUG_INFO = YES;
				ONLY_ACTIVE_ARCH = YES;
				SDKROOT = iphoneos;
				SWIFT_ACTIVE_COMPILATION_CONDITIONS = DEBUG;
				SWIFT_OPTIMIZATION_LEVEL = "-Onone";
			};
			name = Debug;
		};
		3F010F4321E3704C000BECCE /* Release */ = {
			isa = XCBuildConfiguration;
			buildSettings = {
				ALWAYS_SEARCH_USER_PATHS = NO;
				CLANG_ANALYZER_NONNULL = YES;
				CLANG_ANALYZER_NUMBER_OBJECT_CONVERSION = YES_AGGRESSIVE;
				CLANG_CXX_LANGUAGE_STANDARD = "gnu++0x";
				CLANG_CXX_LIBRARY = "libc++";
				CLANG_ENABLE_MODULES = YES;
				CLANG_ENABLE_OBJC_ARC = YES;
				CLANG_WARN_BOOL_CONVERSION = YES;
				CLANG_WARN_CONSTANT_CONVERSION = YES;
				CLANG_WARN_DIRECT_OBJC_ISA_USAGE = YES_ERROR;
				CLANG_WARN_DOCUMENTATION_COMMENTS = YES;
				CLANG_WARN_EMPTY_BODY = YES;
				CLANG_WARN_ENUM_CONVERSION = YES;
				CLANG_WARN_INFINITE_RECURSION = YES;
				CLANG_WARN_INT_CONVERSION = YES;
				CLANG_WARN_OBJC_ROOT_CLASS = YES_ERROR;
				CLANG_WARN_SUSPICIOUS_MOVE = YES;
				CLANG_WARN_UNREACHABLE_CODE = YES;
				CLANG_WARN__DUPLICATE_METHOD_MATCH = YES;
				"CODE_SIGN_IDENTITY[sdk=iphoneos*]" = "iPhone Developer";
				COPY_PHASE_STRIP = NO;
				DEBUG_INFORMATION_FORMAT = "dwarf-with-dsym";
				ENABLE_NS_ASSERTIONS = NO;
				ENABLE_STRICT_OBJC_MSGSEND = YES;
				GCC_C_LANGUAGE_STANDARD = gnu99;
				GCC_NO_COMMON_BLOCKS = YES;
				GCC_WARN_64_TO_32_BIT_CONVERSION = YES;
				GCC_WARN_ABOUT_RETURN_TYPE = YES_ERROR;
				GCC_WARN_UNDECLARED_SELECTOR = YES;
				GCC_WARN_UNINITIALIZED_AUTOS = YES_AGGRESSIVE;
				GCC_WARN_UNUSED_FUNCTION = YES;
				GCC_WARN_UNUSED_VARIABLE = YES;
				IPHONEOS_DEPLOYMENT_TARGET = 10.3;
				MTL_ENABLE_DEBUG_INFO = NO;
				SDKROOT = iphoneos;
				SWIFT_OPTIMIZATION_LEVEL = "-Owholemodule";
				VALIDATE_PRODUCT = YES;
			};
			name = Release;
		};
		3F010F4521E3704C000BECCE /* Debug */ = {
			isa = XCBuildConfiguration;
			buildSettings = {
				ASSETCATALOG_COMPILER_APPICON_NAME = AppIcon;
				INFOPLIST_FILE = Drawlots/Info.plist;
				LD_RUNPATH_SEARCH_PATHS = "$(inherited) @executable_path/Frameworks";
				PRODUCT_BUNDLE_IDENTIFIER = cugb.Drawlots;
				PRODUCT_NAME = "$(TARGET_NAME)";
				SWIFT_VERSION = 3.0;
			};
			name = Debug;
		};
		3F010F4621E3704C000BECCE /* Release */ = {
			isa = XCBuildConfiguration;
			buildSettings = {
				ASSETCATALOG_COMPILER_APPICON_NAME = AppIcon;
				INFOPLIST_FILE = Drawlots/Info.plist;
				LD_RUNPATH_SEARCH_PATHS = "$(inherited) @executable_path/Frameworks";
				PRODUCT_BUNDLE_IDENTIFIER = cugb.Drawlots;
				PRODUCT_NAME = "$(TARGET_NAME)";
				SWIFT_VERSION = 3.0;
			};
			name = Release;
		};
		3F010F4821E3704C000BECCE /* Debug */ = {
			isa = XCBuildConfiguration;
			buildSettings = {
				ALWAYS_EMBED_SWIFT_STANDARD_LIBRARIES = YES;
				BUNDLE_LOADER = "$(TEST_HOST)";
				INFOPLIST_FILE = DrawlotsTests/Info.plist;
				LD_RUNPATH_SEARCH_PATHS = "$(inherited) @executable_path/Frameworks @loader_path/Frameworks";
				PRODUCT_BUNDLE_IDENTIFIER = cugb.DrawlotsTests;
				PRODUCT_NAME = "$(TARGET_NAME)";
				SWIFT_VERSION = 3.0;
				TEST_HOST = "$(BUILT_PRODUCTS_DIR)/Drawlots.app/Drawlots";
			};
			name = Debug;
		};
		3F010F4921E3704C000BECCE /* Release */ = {
			isa = XCBuildConfiguration;
			buildSettings = {
				ALWAYS_EMBED_SWIFT_STANDARD_LIBRARIES = YES;
				BUNDLE_LOADER = "$(TEST_HOST)";
				INFOPLIST_FILE = DrawlotsTests/Info.plist;
				LD_RUNPATH_SEARCH_PATHS = "$(inherited) @executable_path/Frameworks @loader_path/Frameworks";
				PRODUCT_BUNDLE_IDENTIFIER = cugb.DrawlotsTests;
				PRODUCT_NAME = "$(TARGET_NAME)";
				SWIFT_VERSION = 3.0;
				TEST_HOST = "$(BUILT_PRODUCTS_DIR)/Drawlots.app/Drawlots";
			};
			name = Release;
		};
		3F010F4B21E3704C000BECCE /* Debug */ = {
			isa = XCBuildConfiguration;
			buildSettings = {
				ALWAYS_EMBED_SWIFT_STANDARD_LIBRARIES = YES;
				INFOPLIST_FILE = DrawlotsUITests/Info.plist;
				LD_RUNPATH_SEARCH_PATHS = "$(inherited) @executable_path/Frameworks @loader_path/Frameworks";
				PRODUCT_BUNDLE_IDENTIFIER = cugb.DrawlotsUITests;
				PRODUCT_NAME = "$(TARGET_NAME)";
				SWIFT_VERSION = 3.0;
				TEST_TARGET_NAME = Drawlots;
			};
			name = Debug;
		};
		3F010F4C21E3704C000BECCE /* Release */ = {
			isa = XCBuildConfiguration;
			buildSettings = {
				ALWAYS_EMBED_SWIFT_STANDARD_LIBRARIES = YES;
				INFOPLIST_FILE = DrawlotsUITests/Info.plist;
				LD_RUNPATH_SEARCH_PATHS = "$(inherited) @executable_path/Frameworks @loader_path/Frameworks";
				PRODUCT_BUNDLE_IDENTIFIER = cugb.DrawlotsUITests;
				PRODUCT_NAME = "$(TARGET_NAME)";
				SWIFT_VERSION = 3.0;
				TEST_TARGET_NAME = Drawlots;
			};
			name = Release;
		};
/* End XCBuildConfiguration section */

/* Begin XCConfigurationList section */
		3F010F1721E3704B000BECCE /* Build configuration list for PBXProject "Drawlots" */ = {
			isa = XCConfigurationList;
			buildConfigurations = (
				3F010F4221E3704C000BECCE /* Debug */,
				3F010F4321E3704C000BECCE /* Release */,
			);
			defaultConfigurationIsVisible = 0;
			defaultConfigurationName = Release;
		};
		3F010F4421E3704C000BECCE /* Build configuration list for PBXNativeTarget "Drawlots" */ = {
			isa = XCConfigurationList;
			buildConfigurations = (
				3F010F4521E3704C000BECCE /* Debug */,
				3F010F4621E3704C000BECCE /* Release */,
			);
			defaultConfigurationIsVisible = 0;
			defaultConfigurationName = Release;
		};
		3F010F4721E3704C000BECCE /* Build configuration list for PBXNativeTarget "DrawlotsTests" */ = {
			isa = XCConfigurationList;
			buildConfigurations = (
				3F010F4821E3704C000BECCE /* Debug */,
				3F010F4921E3704C000BECCE /* Release */,
			);
			defaultConfigurationIsVisible = 0;
			defaultConfigurationName = Release;
		};
		3F010F4A21E3704C000BECCE /* Build configuration list for PBXNativeTarget "DrawlotsUITests" */ = {
			isa = XCConfigurationList;
			buildConfigurations = (
				3F010F4B21E3704C000BECCE /* Debug */,
				3F010F4C21E3704C000BECCE /* Release */,
			);
			defaultConfigurationIsVisible = 0;
			defaultConfigurationName = Release;
		};
/* End XCConfigurationList section */
	};
	rootObject = 3F010F1421E3704B000BECCE /* Project object */;
}
